{
  "name": "pixijs-learning",
  "version": "1.0.0",
  "lockfileVersion": 3,
  "requires": true,
  "packages": {
    "": {
      "name": "pixijs-learning",
      "version": "1.0.0",
      "license": "UNLICENSED",
      "devDependencies": {
        "jetbrains-mono": "^1.0.6"
      }
    },
    "node_modules/jetbrains-mono": {
      "version": "1.0.6",
      "resolved": "https://registry.npmjs.org/jetbrains-mono/-/jetbrains-mono-1.0.6.tgz",
      "integrity": "sha512-nVHwukZwQHKEQ3ZP1qlXFyFoUyBnonwrqLQf/ZlsoDPgTHm7T0EL0m1KJQ9U4ghu4emYuSR21uqmZalzNvvoUA==",
      "dev": true
    }
  }
}
