{
  "name": "portfolio_v2",
  "version": "0.1.3",
  "lockfileVersion": 3,
  "requires": true,
  "packages": {
    "": {
      "name": "portfolio_v2",
      "version": "0.1.3",
      "license": "MIT",
      "dependencies": {
        "@fontsource-variable/jetbrains-mono": "^5.0.19",
        "@fontsource-variable/urbanist": "^5.0.19"
      },
      "devDependencies": {
        "gsap": "^3.12.5",
        "jquery": "^3.7.1",
        "scrollmagic": "^2.0.8"
      }
    },
    "node_modules/@fontsource-variable/jetbrains-mono": {
      "version": "5.0.19",
      "resolved": "https://registry.npmjs.org/@fontsource-variable/jetbrains-mono/-/jetbrains-mono-5.0.19.tgz",
      "integrity": "sha512-7PTG1Kp3B/FgoNVPT8da4humj5JxQYxTtO08ZPS2IfanS37Yb/WShbgScnG/iupuFwiRnHVkIuC/2czxItxmyg=="
    },
    "node_modules/@fontsource-variable/urbanist": {
      "version": "5.0.19",
      "resolved": "https://registry.npmjs.org/@fontsource-variable/urbanist/-/urbanist-5.0.19.tgz",
      "integrity": "sha512-YGf4nJmhVQlJdyg4ukJt2COTDx49gpGSeG3zLQiGJIMxGtDGXN+VfiZueDUWLgUq8g6Il+cqYCBDrlChOvxY/g=="
    },
    "node_modules/gsap": {
      "version": "3.12.5",
      "resolved": "https://registry.npmjs.org/gsap/-/gsap-3.12.5.tgz",
      "integrity": "sha512-srBfnk4n+Oe/ZnMIOXt3gT605BX9x5+rh/prT2F1SsNJsU1XuMiP0E2aptW481OnonOGACZWBqseH5Z7csHxhQ==",
      "dev": true
    },
    "node_modules/jquery": {
      "version": "3.7.1",
      "resolved": "https://registry.npmjs.org/jquery/-/jquery-3.7.1.tgz",
      "integrity": "sha512-m4avr8yL8kmFN8psrbFFFmB/If14iN5o9nw/NgnnM+kybDJpRsAynV2BsfpTYrTRysYUdADVD7CkUUizgkpLfg==",
      "dev": true
    },
    "node_modules/scrollmagic": {
      "version": "2.0.8",
      "resolved": "https://registry.npmjs.org/scrollmagic/-/scrollmagic-2.0.8.tgz",
      "integrity": "sha512-UYXEGBPVLziovXl3FjHGkY9c4UXKUKopIdXwWR2JapWxCo0U345wYegi7rcsv5vHf/ktc1bSNWy4QRFiV+Yccw==",
      "dev": true,
      "engines": {
        "node": ">=0.10.x"
      }
    }
  }
}
